
Microsoft Visual Studio Solution File, Format Version 12.00
# Visual Studio Version 16
VisualStudioVersion = 16.0.30621.155
MinimumVisualStudioVersion = 10.0.40219.1
Project("{FAE04EC0-301F-11D3-BF4B-00C04F79EFBC}") = "App3.Android", "App3\App3.Android\App3.Android.csproj", "{7AE31D3D-CDFD-4054-A116-1D55C2FBA7D2}"
EndProject
Project("{FAE04EC0-301F-11D3-BF4B-00C04F79EFBC}") = "App3.iOS", "App3\App3.iOS\App3.iOS.csproj", "{DC2B744F-5B16-4805-A294-49E323F37E1E}"
EndProject
Project("{FAE04EC0-301F-11D3-BF4B-00C04F79EFBC}") = "App3", "App3\App3\App3.csproj", "{E111CF63-E8D7-4AF9-9713-37AC0127B812}"
EndProject
Global
	GlobalSection(SolutionConfigurationPlatforms) = preSolution
		Debug|Any CPU = Debug|Any CPU
		Debug|iPhone = Debug|iPhone
		Debug|iPhoneSimulator = Debug|iPhoneSimulator
		Release|Any CPU = Release|Any CPU
		Release|iPhone = Release|iPhone
		Release|iPhoneSimulator = Release|iPhoneSimulator
	EndGlobalSection
	GlobalSection(ProjectConfigurationPlatforms) = postSolution
		{7AE31D3D-CDFD-4054-A116-1D55C2FBA7D2}.Debug|Any CPU.ActiveCfg = Debug|Any CPU
		{7AE31D3D-CDFD-4054-A116-1D55C2FBA7D2}.Debug|Any CPU.Build.0 = Debug|Any CPU
		{7AE31D3D-CDFD-4054-A116-1D55C2FBA7D2}.Debug|Any CPU.Deploy.0 = Debug|Any CPU
		{7AE31D3D-CDFD-4054-A116-1D55C2FBA7D2}.Debug|iPhone.ActiveCfg = Debug|Any CPU
		{7AE31D3D-CDFD-4054-A116-1D55C2FBA7D2}.Debug|iPhone.Build.0 = Debug|Any CPU
		{7AE31D3D-CDFD-4054-A116-1D55C2FBA7D2}.Debug|iPhone.Deploy.0 = Debug|Any CPU
		{7AE31D3D-CDFD-4054-A116-1D55C2FBA7D2}.Debug|iPhoneSimulator.ActiveCfg = Debug|Any CPU
		{7AE31D3D-CDFD-4054-A116-1D55C2FBA7D2}.Debug|iPhoneSimulator.Build.0 = Debug|Any CPU
		{7AE31D3D-CDFD-4054-A116-1D55C2FBA7D2}.Debug|iPhoneSimulator.Deploy.0 = Debug|Any CPU
		{7AE31D3D-CDFD-4054-A116-1D55C2FBA7D2}.Release|Any CPU.ActiveCfg = Release|Any CPU
		{7AE31D3D-CDFD-4054-A116-1D55C2FBA7D2}.Release|Any CPU.Build.0 = Release|Any CPU
		{7AE31D3D-CDFD-4054-A116-1D55C2FBA7D2}.Release|Any CPU.Deploy.0 = Release|Any CPU
		{7AE31D3D-CDFD-4054-A116-1D55C2FBA7D2}.Release|iPhone.ActiveCfg = Release|Any CPU
		{7AE31D3D-CDFD-4054-A116-1D55C2FBA7D2}.Release|iPhone.Build.0 = Release|Any CPU
		{7AE31D3D-CDFD-4054-A116-1D55C2FBA7D2}.Release|iPhone.Deploy.0 = Release|Any CPU
		{7AE31D3D-CDFD-4054-A116-1D55C2FBA7D2}.Release|iPhoneSimulator.ActiveCfg = Release|Any CPU
		{7AE31D3D-CDFD-4054-A116-1D55C2FBA7D2}.Release|iPhoneSimulator.Build.0 = Release|Any CPU
		{7AE31D3D-CDFD-4054-A116-1D55C2FBA7D2}.Release|iPhoneSimulator.Deploy.0 = Release|Any CPU
		{DC2B744F-5B16-4805-A294-49E323F37E1E}.Debug|Any CPU.ActiveCfg = Debug|iPhone
		{DC2B744F-5B16-4805-A294-49E323F37E1E}.Debug|Any CPU.Build.0 = Debug|iPhone
		{DC2B744F-5B16-4805-A294-49E323F37E1E}.Debug|Any CPU.Deploy.0 = Debug|iPhone
		{DC2B744F-5B16-4805-A294-49E323F37E1E}.Debug|iPhone.ActiveCfg = Debug|iPhone
		{DC2B744F-5B16-4805-A294-49E323F37E1E}.Debug|iPhone.Build.0 = Debug|iPhone
		{DC2B744F-5B16-4805-A294-49E323F37E1E}.Debug|iPhone.Deploy.0 = Debug|iPhone
		{DC2B744F-5B16-4805-A294-49E323F37E1E}.Debug|iPhoneSimulator.ActiveCfg = Debug|iPhoneSimulator
		{DC2B744F-5B16-4805-A294-49E323F37E1E}.Debug|iPhoneSimulator.Build.0 = Debug|iPhoneSimulator
		{DC2B744F-5B16-4805-A294-49E323F37E1E}.Debug|iPhoneSimulator.Deploy.0 = Debug|iPhoneSimulator
		{DC2B744F-5B16-4805-A294-49E323F37E1E}.Release|Any CPU.ActiveCfg = Release|iPhoneSimulator
		{DC2B744F-5B16-4805-A294-49E323F37E1E}.Release|Any CPU.Build.0 = Release|iPhoneSimulator
		{DC2B744F-5B16-4805-A294-49E323F37E1E}.Release|Any CPU.Deploy.0 = Release|iPhoneSimulator
		{DC2B744F-5B16-4805-A294-49E323F37E1E}.Release|iPhone.ActiveCfg = Release|iPhone
		{DC2B744F-5B16-4805-A294-49E323F37E1E}.Release|iPhone.Build.0 = Release|iPhone
		{DC2B744F-5B16-4805-A294-49E323F37E1E}.Release|iPhone.Deploy.0 = Release|iPhone
		{DC2B744F-5B16-4805-A294-49E323F37E1E}.Release|iPhoneSimulator.ActiveCfg = Release|iPhoneSimulator
		{DC2B744F-5B16-4805-A294-49E323F37E1E}.Release|iPhoneSimulator.Build.0 = Release|iPhoneSimulator
		{DC2B744F-5B16-4805-A294-49E323F37E1E}.Release|iPhoneSimulator.Deploy.0 = Release|iPhoneSimulator
		{E111CF63-E8D7-4AF9-9713-37AC0127B812}.Debug|Any CPU.ActiveCfg = Debug|Any CPU
		{E111CF63-E8D7-4AF9-9713-37AC0127B812}.Debug|Any CPU.Build.0 = Debug|Any CPU
		{E111CF63-E8D7-4AF9-9713-37AC0127B812}.Debug|Any CPU.Deploy.0 = Debug|Any CPU
		{E111CF63-E8D7-4AF9-9713-37AC0127B812}.Debug|iPhone.ActiveCfg = Debug|Any CPU
		{E111CF63-E8D7-4AF9-9713-37AC0127B812}.Debug|iPhone.Build.0 = Debug|Any CPU
		{E111CF63-E8D7-4AF9-9713-37AC0127B812}.Debug|iPhone.Deploy.0 = Debug|Any CPU
		{E111CF63-E8D7-4AF9-9713-37AC0127B812}.Debug|iPhoneSimulator.ActiveCfg = Debug|Any CPU
		{E111CF63-E8D7-4AF9-9713-37AC0127B812}.Debug|iPhoneSimulator.Build.0 = Debug|Any CPU
		{E111CF63-E8D7-4AF9-9713-37AC0127B812}.Debug|iPhoneSimulator.Deploy.0 = Debug|Any CPU
		{E111CF63-E8D7-4AF9-9713-37AC0127B812}.Release|Any CPU.ActiveCfg = Release|Any CPU
		{E111CF63-E8D7-4AF9-9713-37AC0127B812}.Release|Any CPU.Build.0 = Release|Any CPU
		{E111CF63-E8D7-4AF9-9713-37AC0127B812}.Release|Any CPU.Deploy.0 = Release|Any CPU
		{E111CF63-E8D7-4AF9-9713-37AC0127B812}.Release|iPhone.ActiveCfg = Release|Any CPU
		{E111CF63-E8D7-4AF9-9713-37AC0127B812}.Release|iPhone.Build.0 = Release|Any CPU
		{E111CF63-E8D7-4AF9-9713-37AC0127B812}.Release|iPhone.Deploy.0 = Release|Any CPU
		{E111CF63-E8D7-4AF9-9713-37AC0127B812}.Release|iPhoneSimulator.ActiveCfg = Release|Any CPU
		{E111CF63-E8D7-4AF9-9713-37AC0127B812}.Release|iPhoneSimulator.Build.0 = Release|Any CPU
		{E111CF63-E8D7-4AF9-9713-37AC0127B812}.Release|iPhoneSimulator.Deploy.0 = Release|Any CPU
	EndGlobalSection
	GlobalSection(SolutionProperties) = preSolution
		HideSolutionNode = FALSE
	EndGlobalSection
	GlobalSection(ExtensibilityGlobals) = postSolution
		SolutionGuid = {266B1003-E606-47C9-B9A2-5755B2ED8E9D}
	EndGlobalSection
EndGlobal
